Microsoft Visual Studio Solution File, Format Version 12.00
# Visual Studio Version 17
VisualStudioVersion = 17.5.2.0
MinimumVisualStudioVersion = 10.0.40219.1
Project("{FAE04EC0-301F-11D3-BF4B-00C04F79EFBC}") = "DiscService", "DiscService.csproj", "{36A9915D-D702-6B04-136F-856691F3510D}"
EndProject
Global
	GlobalSection(SolutionConfigurationPlatforms) = preSolution
		Debug|Any CPU = Debug|Any CPU
		Release|Any CPU = Release|Any CPU
	EndGlobalSection
	GlobalSection(ProjectConfigurationPlatforms) = postSolution
		{36A9915D-D702-6B04-136F-856691F3510D}.Debug|Any CPU.ActiveCfg = Debug|Any CPU
		{36A9915D-D702-6B04-136F-856691F3510D}.Debug|Any CPU.Build.0 = Debug|Any CPU
		{36A9915D-D702-6B04-136F-856691F3510D}.Release|Any CPU.ActiveCfg = Release|Any CPU
		{36A9915D-D702-6B04-136F-856691F3510D}.Release|Any CPU.Build.0 = Release|Any CPU
	EndGlobalSection
	GlobalSection(SolutionProperties) = preSolution
		HideSolutionNode = FALSE
	EndGlobalSection
	GlobalSection(ExtensibilityGlobals) = postSolution
		SolutionGuid = {A15DAA5C-82CB-4C6B-BD84-6A577779B955}
	EndGlobalSection
EndGlobal
